
Microsoft Visual Studio Solution File, Format Version 12.00
Project("{FAE04EC0-301F-11D3-BF4B-00C04F79EFBC}") = "P1_1Classes", "P1_1Classes\P1_1Classes.csproj", "{52EA892F-714E-4AAA-B79A-ADE2550B2A4E}"
EndProject
Project("{FAE04EC0-301F-11D3-BF4B-00C04F79EFBC}") = "P1People", "P1People\P1People.csproj", "{A798D188-E293-41D0-B857-4D321372133F}"
EndProject
Project("{FAE04EC0-301F-11D3-BF4B-00C04F79EFBC}") = "P2_1PlayerGold", "P2_1PlayerGold\P2_1PlayerGold.csproj", "{DF91A12A-4DA9-4A50-A530-F736B5F6A36E}"
EndProject
Global
	GlobalSection(SolutionConfigurationPlatforms) = preSolution
		Debug|Any CPU = Debug|Any CPU
		Release|Any CPU = Release|Any CPU
	EndGlobalSection
	GlobalSection(ProjectConfigurationPlatforms) = postSolution
		{52EA892F-714E-4AAA-B79A-ADE2550B2A4E}.Debug|Any CPU.ActiveCfg = Debug|Any CPU
		{52EA892F-714E-4AAA-B79A-ADE2550B2A4E}.Debug|Any CPU.Build.0 = Debug|Any CPU
		{52EA892F-714E-4AAA-B79A-ADE2550B2A4E}.Release|Any CPU.ActiveCfg = Release|Any CPU
		{52EA892F-714E-4AAA-B79A-ADE2550B2A4E}.Release|Any CPU.Build.0 = Release|Any CPU
		{A798D188-E293-41D0-B857-4D321372133F}.Debug|Any CPU.ActiveCfg = Debug|Any CPU
		{A798D188-E293-41D0-B857-4D321372133F}.Debug|Any CPU.Build.0 = Debug|Any CPU
		{A798D188-E293-41D0-B857-4D321372133F}.Release|Any CPU.ActiveCfg = Release|Any CPU
		{A798D188-E293-41D0-B857-4D321372133F}.Release|Any CPU.Build.0 = Release|Any CPU
		{DF91A12A-4DA9-4A50-A530-F736B5F6A36E}.Debug|Any CPU.ActiveCfg = Debug|Any CPU
		{DF91A12A-4DA9-4A50-A530-F736B5F6A36E}.Debug|Any CPU.Build.0 = Debug|Any CPU
		{DF91A12A-4DA9-4A50-A530-F736B5F6A36E}.Release|Any CPU.ActiveCfg = Release|Any CPU
		{DF91A12A-4DA9-4A50-A530-F736B5F6A36E}.Release|Any CPU.Build.0 = Release|Any CPU
	EndGlobalSection
EndGlobal
